
Microsoft Visual Studio Solution File, Format Version 12.00
# Visual Studio Version 17
VisualStudioVersion = 17.4.33213.308
MinimumVisualStudioVersion = 10.0.40219.1
Project("{FAE04EC0-301F-11D3-BF4B-00C04F79EFBC}") = "EmployeeWagePrograms", "EmployeeWagePrograms\EmployeeWagePrograms.csproj", "{71E51270-7E4A-4C92-8AB7-0D14D5936F9B}"
EndProject
Global
	GlobalSection(SolutionConfigurationPlatforms) = preSolution
		Debug|Any CPU = Debug|Any CPU
		Release|Any CPU = Release|Any CPU
	EndGlobalSection
	GlobalSection(ProjectConfigurationPlatforms) = postSolution
		{71E51270-7E4A-4C92-8AB7-0D14D5936F9B}.Debug|Any CPU.ActiveCfg = Debug|Any CPU
		{71E51270-7E4A-4C92-8AB7-0D14D5936F9B}.Debug|Any CPU.Build.0 = Debug|Any CPU
		{71E51270-7E4A-4C92-8AB7-0D14D5936F9B}.Release|Any CPU.ActiveCfg = Release|Any CPU
		{71E51270-7E4A-4C92-8AB7-0D14D5936F9B}.Release|Any CPU.Build.0 = Release|Any CPU
	EndGlobalSection
	GlobalSection(SolutionProperties) = preSolution
		HideSolutionNode = FALSE
	EndGlobalSection
	GlobalSection(ExtensibilityGlobals) = postSolution
		SolutionGuid = {F7CB4FF6-D9B4-4635-A4F7-EFE981810C42}
	EndGlobalSection
EndGlobal
